
Microsoft Visual Studio Solution File, Format Version 12.00
Project("{FAE04EC0-301F-11D3-BF4B-00C04F79EFBC}") = "NewBot", "NewBot\NewBot.csproj", "{4AAB1F38-AA7A-4463-8660-9FA95FA7815F}"
EndProject
Global
	GlobalSection(SolutionConfigurationPlatforms) = preSolution
		Debug|Any CPU = Debug|Any CPU
		Release|Any CPU = Release|Any CPU
	EndGlobalSection
	GlobalSection(ProjectConfigurationPlatforms) = postSolution
		{4AAB1F38-AA7A-4463-8660-9FA95FA7815F}.Debug|Any CPU.ActiveCfg = Debug|Any CPU
		{4AAB1F38-AA7A-4463-8660-9FA95FA7815F}.Debug|Any CPU.Build.0 = Debug|Any CPU
		{4AAB1F38-AA7A-4463-8660-9FA95FA7815F}.Release|Any CPU.ActiveCfg = Release|Any CPU
		{4AAB1F38-AA7A-4463-8660-9FA95FA7815F}.Release|Any CPU.Build.0 = Release|Any CPU
	EndGlobalSection
EndGlobal
